PODS:
  - Flutter (1.0.0)
  - my_first_flutter_plugin (0.0.1):
    - Flutter

DEPENDENCIES:
  - Flutter (from `Flutter`)
  - my_first_flutter_plugin (from `.symlinks/plugins/my_first_flutter_plugin/ios`)

EXTERNAL SOURCES:
  Flutter:
    :path: Flutter
  my_first_flutter_plugin:
    :path: ".symlinks/plugins/my_first_flutter_plugin/ios"

SPEC CHECKSUMS:
  Flutter: 0e3d915762c693b495b44d77113d4970485de6ec
  my_first_flutter_plugin: 469a5bc7c5dbdb2a22195a9204df9e54802f1453

PODFILE CHECKSUM: 1b66dae606f75376c5f2135a8290850eeb09ae83

COCOAPODS: 1.8.4
